
Microsoft Visual Studio Solution File, Format Version 12.00
# Visual Studio Version 17
VisualStudioVersion = 17.0.31903.59
MinimumVisualStudioVersion = 10.0.40219.1
Project("{FAE04EC0-301F-11D3-BF4B-00C04F79EFBC}") = "Tests", "Tests\Tests.csproj", "{3C4AAEFB-9FEF-484B-8839-C4D0FA352BBF}"
EndProject
Project("{FAE04EC0-301F-11D3-BF4B-00C04F79EFBC}") = "Core", "Core\Core.csproj", "{AC51494C-8359-4EB9-8DCB-6B8A542F7894}"
EndProject
Global
	GlobalSection(SolutionConfigurationPlatforms) = preSolution
		Debug|Any CPU = Debug|Any CPU
		Debug|x64 = Debug|x64
		Debug|x86 = Debug|x86
		Release|Any CPU = Release|Any CPU
		Release|x64 = Release|x64
		Release|x86 = Release|x86
	EndGlobalSection
	GlobalSection(ProjectConfigurationPlatforms) = postSolution
		{3C4AAEFB-9FEF-484B-8839-C4D0FA352BBF}.Debug|Any CPU.ActiveCfg = Debug|Any CPU
		{3C4AAEFB-9FEF-484B-8839-C4D0FA352BBF}.Debug|Any CPU.Build.0 = Debug|Any CPU
		{3C4AAEFB-9FEF-484B-8839-C4D0FA352BBF}.Debug|x64.ActiveCfg = Debug|Any CPU
		{3C4AAEFB-9FEF-484B-8839-C4D0FA352BBF}.Debug|x64.Build.0 = Debug|Any CPU
		{3C4AAEFB-9FEF-484B-8839-C4D0FA352BBF}.Debug|x86.ActiveCfg = Debug|Any CPU
		{3C4AAEFB-9FEF-484B-8839-C4D0FA352BBF}.Debug|x86.Build.0 = Debug|Any CPU
		{3C4AAEFB-9FEF-484B-8839-C4D0FA352BBF}.Release|Any CPU.ActiveCfg = Release|Any CPU
		{3C4AAEFB-9FEF-484B-8839-C4D0FA352BBF}.Release|Any CPU.Build.0 = Release|Any CPU
		{3C4AAEFB-9FEF-484B-8839-C4D0FA352BBF}.Release|x64.ActiveCfg = Release|Any CPU
		{3C4AAEFB-9FEF-484B-8839-C4D0FA352BBF}.Release|x64.Build.0 = Release|Any CPU
		{3C4AAEFB-9FEF-484B-8839-C4D0FA352BBF}.Release|x86.ActiveCfg = Release|Any CPU
		{3C4AAEFB-9FEF-484B-8839-C4D0FA352BBF}.Release|x86.Build.0 = Release|Any CPU
		{AC51494C-8359-4EB9-8DCB-6B8A542F7894}.Debug|Any CPU.ActiveCfg = Debug|Any CPU
		{AC51494C-8359-4EB9-8DCB-6B8A542F7894}.Debug|Any CPU.Build.0 = Debug|Any CPU
		{AC51494C-8359-4EB9-8DCB-6B8A542F7894}.Debug|x64.ActiveCfg = Debug|Any CPU
		{AC51494C-8359-4EB9-8DCB-6B8A542F7894}.Debug|x64.Build.0 = Debug|Any CPU
		{AC51494C-8359-4EB9-8DCB-6B8A542F7894}.Debug|x86.ActiveCfg = Debug|Any CPU
		{AC51494C-8359-4EB9-8DCB-6B8A542F7894}.Debug|x86.Build.0 = Debug|Any CPU
		{AC51494C-8359-4EB9-8DCB-6B8A542F7894}.Release|Any CPU.ActiveCfg = Release|Any CPU
		{AC51494C-8359-4EB9-8DCB-6B8A542F7894}.Release|Any CPU.Build.0 = Release|Any CPU
		{AC51494C-8359-4EB9-8DCB-6B8A542F7894}.Release|x64.ActiveCfg = Release|Any CPU
		{AC51494C-8359-4EB9-8DCB-6B8A542F7894}.Release|x64.Build.0 = Release|Any CPU
		{AC51494C-8359-4EB9-8DCB-6B8A542F7894}.Release|x86.ActiveCfg = Release|Any CPU
		{AC51494C-8359-4EB9-8DCB-6B8A542F7894}.Release|x86.Build.0 = Release|Any CPU
	EndGlobalSection
	GlobalSection(SolutionProperties) = preSolution
		HideSolutionNode = FALSE
	EndGlobalSection
EndGlobal
